// !$*UTF8*$!
{
	archiveVersion = 1;
	classes = {
	};
	objectVersion = 46;
	objects = {

/* Begin PBXBuildFile section */
		8B01EAB0139C240E00A64429 /* Entitlements.plist in Resources */ = {isa = PBXBuildFile; fileRef = 8B01EAAF139C240E00A64429 /* Entitlements.plist */; };
		8B17429513AA8FC0006A3743 /* MBProgressHUD.m in Sources */ = {isa = PBXBuildFile; fileRef = 8B17429413AA8FC0006A3743 /* MBProgressHUD.m */; };
		8B1F409C1CB1D9E100DB8ED7 /* Security.framework in Frameworks */ = {isa = PBXBuildFile; fileRef = 8B1F409B1CB1D9E100DB8ED7 /* Security.framework */; };
		8B1F40A51CB1DC8A00DB8ED7 /* Fabric.framework in Frameworks */ = {isa = PBXBuildFile; fileRef = 8B1F40A31CB1DC8A00DB8ED7 /* Fabric.framework */; };
		8B1F40A61CB1DC8A00DB8ED7 /* Crashlytics.framework in Frameworks */ = {isa = PBXBuildFile; fileRef = 8B1F40A41CB1DC8A00DB8ED7 /* Crashlytics.framework */; };
		8B1F40A81CB1DCC500DB8ED7 /* libc++.tbd in Frameworks */ = {isa = PBXBuildFile; fileRef = 8B1F40A71CB1DCC500DB8ED7 /* libc++.tbd */; };
		8B1F40AA1CB1DCD200DB8ED7 /* libz.tbd in Frameworks */ = {isa = PBXBuildFile; fileRef = 8B1F40A91CB1DCD200DB8ED7 /* libz.tbd */; };
		8B4438FE139ED02C00185ECE /* AnimatedSwipeGestures.m in Sources */ = {isa = PBXBuildFile; fileRef = 8B4438FD139ED02C00185ECE /* AnimatedSwipeGestures.m */; };
		8B88C16E138075E2007D1C2C /* UIKit.framework in Frameworks */ = {isa = PBXBuildFile; fileRef = 8B88C16D138075E2007D1C2C /* UIKit.framework */; };
		8B88C170138075E2007D1C2C /* Foundation.framework in Frameworks */ = {isa = PBXBuildFile; fileRef = 8B88C16F138075E2007D1C2C /* Foundation.framework */; };
		8B88C172138075E2007D1C2C /* CoreGraphics.framework in Frameworks */ = {isa = PBXBuildFile; fileRef = 8B88C171138075E2007D1C2C /* CoreGraphics.framework */; };
		8B88C178138075E2007D1C2C /* InfoPlist.strings in Resources */ = {isa = PBXBuildFile; fileRef = 8B88C176138075E2007D1C2C /* InfoPlist.strings */; };
		8B88C17B138075E2007D1C2C /* main.m in Sources */ = {isa = PBXBuildFile; fileRef = 8B88C17A138075E2007D1C2C /* main.m */; };
		8B88C17E138075E2007D1C2C /* WindandtidesAppDelegate.m in Sources */ = {isa = PBXBuildFile; fileRef = 8B88C17D138075E2007D1C2C /* WindandtidesAppDelegate.m */; };
		8B88C181138075E2007D1C2C /* MainWindow.xib in Resources */ = {isa = PBXBuildFile; fileRef = 8B88C17F138075E2007D1C2C /* MainWindow.xib */; };
		8B88C184138075E2007D1C2C /* WindandtidesViewController.m in Sources */ = {isa = PBXBuildFile; fileRef = 8B88C183138075E2007D1C2C /* WindandtidesViewController.m */; };
		8B88C18E138075E2007D1C2C /* UIKit.framework in Frameworks */ = {isa = PBXBuildFile; fileRef = 8B88C16D138075E2007D1C2C /* UIKit.framework */; };
		8B88C18F138075E2007D1C2C /* Foundation.framework in Frameworks */ = {isa = PBXBuildFile; fileRef = 8B88C16F138075E2007D1C2C /* Foundation.framework */; };
		8B88C190138075E2007D1C2C /* CoreGraphics.framework in Frameworks */ = {isa = PBXBuildFile; fileRef = 8B88C171138075E2007D1C2C /* CoreGraphics.framework */; };
		8B88C198138075E2007D1C2C /* InfoPlist.strings in Resources */ = {isa = PBXBuildFile; fileRef = 8B88C196138075E2007D1C2C /* InfoPlist.strings */; };
		8B88C1AA1380783F007D1C2C /* OCHamcrestIOS.framework in Frameworks */ = {isa = PBXBuildFile; fileRef = 8B88C1A91380783F007D1C2C /* OCHamcrestIOS.framework */; };
		8B8C85311386FB6000697EBE /* WindandtidesView.xib in Resources */ = {isa = PBXBuildFile; fileRef = 8B8C85301386FB6000697EBE /* WindandtidesView.xib */; };
		8B95CEF91FC9FAB4005A1B44 /* LaunchScreen.xib in Resources */ = {isa = PBXBuildFile; fileRef = 8B95CEF81FC9FAB4005A1B44 /* LaunchScreen.xib */; };
		8B95CF041FC9FFF0005A1B44 /* windandtides-photo.jpg in Resources */ = {isa = PBXBuildFile; fileRef = 8B95CF031FC9FFEF005A1B44 /* windandtides-photo.jpg */; };
		8BAA465D138D6BA500F9165B /* Default.png in Resources */ = {isa = PBXBuildFile; fileRef = 8BAA465C138D6BA500F9165B /* Default.png */; };
		8BAA4660138D6DA600F9165B /* icon.png in Resources */ = {isa = PBXBuildFile; fileRef = 8BAA465F138D6DA600F9165B /* icon.png */; };
		8BAA6DF61619122700C85D95 /* icon@2x.png in Resources */ = {isa = PBXBuildFile; fileRef = 8BAA6DF51619122700C85D95 /* icon@2x.png */; };
		8BC54B17138DCAD3005E74F4 /* trend.png in Resources */ = {isa = PBXBuildFile; fileRef = 8BC54B16138DCAD3005E74F4 /* trend.png */; };
		8BC54B24138DCCEC005E74F4 /* windvane.png in Resources */ = {isa = PBXBuildFile; fileRef = 8BC54B23138DCCEC005E74F4 /* windvane.png */; };
		8BC54B26138DCDB8005E74F4 /* monitor.png in Resources */ = {isa = PBXBuildFile; fileRef = 8BC54B25138DCDB8005E74F4 /* monitor.png */; };
		8BD53FCD17653C21008EEC13 /* SystemConfiguration.framework in Frameworks */ = {isa = PBXBuildFile; fileRef = 8BD53FCC17653C21008EEC13 /* SystemConfiguration.framework */; };
		8BD53FCF17653EEC008EEC13 /* StoreKit.framework in Frameworks */ = {isa = PBXBuildFile; fileRef = 8BD53FCE17653EEC008EEC13 /* StoreKit.framework */; };
		8BD53FD71765402A008EEC13 /* iRate.m in Sources */ = {isa = PBXBuildFile; fileRef = 8BD53FD61765402A008EEC13 /* iRate.m */; };
		8BE0278013A2DDDF00CB1FFA /* WindandtidesViewControllerTest.m in Sources */ = {isa = PBXBuildFile; fileRef = 8BE0277F13A2DDDF00CB1FFA /* WindandtidesViewControllerTest.m */; };
		8BE027A413A2FD2500CB1FFA /* libOCMock.a in Frameworks */ = {isa = PBXBuildFile; fileRef = 8BE027A313A2FD2500CB1FFA /* libOCMock.a */; };
		8BE6907B1DC5189100267225 /* Images.xcassets in Resources */ = {isa = PBXBuildFile; fileRef = 8BE6907A1DC5189100267225 /* Images.xcassets */; };
		8BE85392139D57EB00041B34 /* WindandtidesUrlManagerTest.m in Sources */ = {isa = PBXBuildFile; fileRef = 8BE85391139D57EB00041B34 /* WindandtidesUrlManagerTest.m */; };
		8BE85395139D59B700041B34 /* WindandtidesUrlManager.m in Sources */ = {isa = PBXBuildFile; fileRef = 8BE85394139D59B700041B34 /* WindandtidesUrlManager.m */; };
/* End PBXBuildFile section */

/* Begin PBXContainerItemProxy section */
		8B88C191138075E2007D1C2C /* PBXContainerItemProxy */ = {
			isa = PBXContainerItemProxy;
			containerPortal = 8B88C160138075E1007D1C2C /* Project object */;
			proxyType = 1;
			remoteGlobalIDString = 8B88C168138075E2007D1C2C;
			remoteInfo = Windandtides;
		};
/* End PBXContainerItemProxy section */

/* Begin PBXFileReference section */
		8B01EAAF139C240E00A64429 /* Entitlements.plist */ = {isa = PBXFileReference; fileEncoding = 4; lastKnownFileType = text.plist.xml; name = Entitlements.plist; path = ../Entitlements.plist; sourceTree = "<group>"; };
		8B17429213AA8FB6006A3743 /* MBProgressHUD.h */ = {isa = PBXFileReference; fileEncoding = 4; lastKnownFileType = sourcecode.c.h; path = MBProgressHUD.h; sourceTree = "<group>"; };
		8B17429413AA8FC0006A3743 /* MBProgressHUD.m */ = {isa = PBXFileReference; fileEncoding = 4; lastKnownFileType = sourcecode.c.objc; path = MBProgressHUD.m; sourceTree = "<group>"; };
		8B1F409B1CB1D9E100DB8ED7 /* Security.framework */ = {isa = PBXFileReference; lastKnownFileType = wrapper.framework; name = Security.framework; path = System/Library/Frameworks/Security.framework; sourceTree = SDKROOT; };
		8B1F40A31CB1DC8A00DB8ED7 /* Fabric.framework */ = {isa = PBXFileReference; lastKnownFileType = wrapper.framework; path = Fabric.framework; sourceTree = "<group>"; };
		8B1F40A41CB1DC8A00DB8ED7 /* Crashlytics.framework */ = {isa = PBXFileReference; lastKnownFileType = wrapper.framework; path = Crashlytics.framework; sourceTree = "<group>"; };
		8B1F40A71CB1DCC500DB8ED7 /* libc++.tbd */ = {isa = PBXFileReference; lastKnownFileType = "sourcecode.text-based-dylib-definition"; name = "libc++.tbd"; path = "usr/lib/libc++.tbd"; sourceTree = SDKROOT; };
		8B1F40A91CB1DCD200DB8ED7 /* libz.tbd */ = {isa = PBXFileReference; lastKnownFileType = "sourcecode.text-based-dylib-definition"; name = libz.tbd; path = usr/lib/libz.tbd; sourceTree = SDKROOT; };
		8B4438FC139ED02C00185ECE /* AnimatedSwipeGestures.h */ = {isa = PBXFileReference; fileEncoding = 4; lastKnownFileType = sourcecode.c.h; path = AnimatedSwipeGestures.h; sourceTree = "<group>"; };
		8B4438FD139ED02C00185ECE /* AnimatedSwipeGestures.m */ = {isa = PBXFileReference; fileEncoding = 4; lastKnownFileType = sourcecode.c.objc; path = AnimatedSwipeGestures.m; sourceTree = "<group>"; };
		8B72BAF0139D879F00913374 /* WindandtidesUrlManager.h */ = {isa = PBXFileReference; fileEncoding = 4; lastKnownFileType = sourcecode.c.h; path = WindandtidesUrlManager.h; sourceTree = "<group>"; };
		8B88C169138075E2007D1C2C /* Windandtides.app */ = {isa = PBXFileReference; explicitFileType = wrapper.application; includeInIndex = 0; path = Windandtides.app; sourceTree = BUILT_PRODUCTS_DIR; };
		8B88C16D138075E2007D1C2C /* UIKit.framework */ = {isa = PBXFileReference; lastKnownFileType = wrapper.framework; name = UIKit.framework; path = System/Library/Frameworks/UIKit.framework; sourceTree = SDKROOT; };
		8B88C16F138075E2007D1C2C /* Foundation.framework */ = {isa = PBXFileReference; lastKnownFileType = wrapper.framework; name = Foundation.framework; path = System/Library/Frameworks/Foundation.framework; sourceTree = SDKROOT; };
		8B88C171138075E2007D1C2C /* CoreGraphics.framework */ = {isa = PBXFileReference; lastKnownFileType = wrapper.framework; name = CoreGraphics.framework; path = System/Library/Frameworks/CoreGraphics.framework; sourceTree = SDKROOT; };
		8B88C175138075E2007D1C2C /* Windandtides-Info.plist */ = {isa = PBXFileReference; lastKnownFileType = text.plist.xml; name = "Windandtides-Info.plist"; path = "../Windandtides-Info.plist"; sourceTree = "<group>"; };
		8B88C177138075E2007D1C2C /* en */ = {isa = PBXFileReference; lastKnownFileType = text.plist.strings; name = en; path = en.lproj/InfoPlist.strings; sourceTree = "<group>"; };
		8B88C179138075E2007D1C2C /* Windandtides-Prefix.pch */ = {isa = PBXFileReference; lastKnownFileType = sourcecode.c.h; name = "Windandtides-Prefix.pch"; path = "../Windandtides-Prefix.pch"; sourceTree = "<group>"; };
		8B88C17A138075E2007D1C2C /* main.m */ = {isa = PBXFileReference; lastKnownFileType = sourcecode.c.objc; name = main.m; path = ../main.m; sourceTree = "<group>"; };
		8B88C17C138075E2007D1C2C /* WindandtidesAppDelegate.h */ = {isa = PBXFileReference; lastKnownFileType = sourcecode.c.h; path = WindandtidesAppDelegate.h; sourceTree = "<group>"; };
		8B88C17D138075E2007D1C2C /* WindandtidesAppDelegate.m */ = {isa = PBXFileReference; lastKnownFileType = sourcecode.c.objc; path = WindandtidesAppDelegate.m; sourceTree = "<group>"; };
		8B88C180138075E2007D1C2C /* en */ = {isa = PBXFileReference; lastKnownFileType = file.xib; name = en; path = en.lproj/MainWindow.xib; sourceTree = "<group>"; };
		8B88C182138075E2007D1C2C /* WindandtidesViewController.h */ = {isa = PBXFileReference; lastKnownFileType = sourcecode.c.h; path = WindandtidesViewController.h; sourceTree = "<group>"; };
		8B88C183138075E2007D1C2C /* WindandtidesViewController.m */ = {isa = PBXFileReference; lastKnownFileType = sourcecode.c.objc; path = WindandtidesViewController.m; sourceTree = "<group>"; };
		8B88C18D138075E2007D1C2C /* WindandtidesTests.octest */ = {isa = PBXFileReference; explicitFileType = wrapper.cfbundle; includeInIndex = 0; path = WindandtidesTests.octest; sourceTree = BUILT_PRODUCTS_DIR; };
		8B88C195138075E2007D1C2C /* WindandtidesTests-Info.plist */ = {isa = PBXFileReference; lastKnownFileType = text.plist.xml; path = "WindandtidesTests-Info.plist"; sourceTree = "<group>"; };
		8B88C197138075E2007D1C2C /* en */ = {isa = PBXFileReference; lastKnownFileType = text.plist.strings; name = en; path = en.lproj/InfoPlist.strings; sourceTree = "<group>"; };
		8B88C199138075E2007D1C2C /* WindandtidesTests-Prefix.pch */ = {isa = PBXFileReference; lastKnownFileType = sourcecode.c.h; path = "WindandtidesTests-Prefix.pch"; sourceTree = "<group>"; };
		8B88C1A91380783F007D1C2C /* OCHamcrestIOS.framework */ = {isa = PBXFileReference; lastKnownFileType = wrapper.framework; path = OCHamcrestIOS.framework; sourceTree = "<group>"; };
		8B8C85301386FB6000697EBE /* WindandtidesView.xib */ = {isa = PBXFileReference; fileEncoding = 4; lastKnownFileType = file.xib; path = WindandtidesView.xib; sourceTree = "<group>"; };
		8B95CEF81FC9FAB4005A1B44 /* LaunchScreen.xib */ = {isa = PBXFileReference; lastKnownFileType = file.xib; path = LaunchScreen.xib; sourceTree = "<group>"; };
		8B95CF031FC9FFEF005A1B44 /* windandtides-photo.jpg */ = {isa = PBXFileReference; lastKnownFileType = image.jpeg; path = "windandtides-photo.jpg"; sourceTree = "<group>"; };
		8BAA465C138D6BA500F9165B /* Default.png */ = {isa = PBXFileReference; lastKnownFileType = image.png; path = Default.png; sourceTree = "<group>"; };
		8BAA465F138D6DA600F9165B /* icon.png */ = {isa = PBXFileReference; lastKnownFileType = image.png; path = icon.png; sourceTree = "<group>"; };
		8BAA6DF51619122700C85D95 /* icon@2x.png */ = {isa = PBXFileReference; lastKnownFileType = image.png; name = "icon@2x.png"; path = "../../icon@2x.png"; sourceTree = "<group>"; };
		8BC54B16138DCAD3005E74F4 /* trend.png */ = {isa = PBXFileReference; lastKnownFileType = image.png; path = trend.png; sourceTree = "<group>"; };
		8BC54B23138DCCEC005E74F4 /* windvane.png */ = {isa = PBXFileReference; lastKnownFileType = image.png; path = windvane.png; sourceTree = "<group>"; };
		8BC54B25138DCDB8005E74F4 /* monitor.png */ = {isa = PBXFileReference; lastKnownFileType = image.png; path = monitor.png; sourceTree = "<group>"; };
		8BD53FCC17653C21008EEC13 /* SystemConfiguration.framework */ = {isa = PBXFileReference; lastKnownFileType = wrapper.framework; name = SystemConfiguration.framework; path = System/Library/Frameworks/SystemConfiguration.framework; sourceTree = SDKROOT; };
		8BD53FCE17653EEC008EEC13 /* StoreKit.framework */ = {isa = PBXFileReference; lastKnownFileType = wrapper.framework; name = StoreKit.framework; path = System/Library/Frameworks/StoreKit.framework; sourceTree = SDKROOT; };
		8BD53FD51765402A008EEC13 /* iRate.h */ = {isa = PBXFileReference; fileEncoding = 4; lastKnownFileType = sourcecode.c.h; path = iRate.h; sourceTree = "<group>"; };
		8BD53FD61765402A008EEC13 /* iRate.m */ = {isa = PBXFileReference; fileEncoding = 4; lastKnownFileType = sourcecode.c.objc; path = iRate.m; sourceTree = "<group>"; };
		8BE0277B13A2D42800CB1FFA /* Macros.h */ = {isa = PBXFileReference; fileEncoding = 4; lastKnownFileType = sourcecode.c.h; path = Macros.h; sourceTree = "<group>"; };
		8BE0277F13A2DDDF00CB1FFA /* WindandtidesViewControllerTest.m */ = {isa = PBXFileReference; fileEncoding = 4; lastKnownFileType = sourcecode.c.objc; path = WindandtidesViewControllerTest.m; sourceTree = "<group>"; };
		8BE027A313A2FD2500CB1FFA /* libOCMock.a */ = {isa = PBXFileReference; lastKnownFileType = archive.ar; path = libOCMock.a; sourceTree = "<group>"; };
		8BE027B113A3015F00CB1FFA /* OCMConstraint.h */ = {isa = PBXFileReference; fileEncoding = 4; lastKnownFileType = sourcecode.c.h; path = OCMConstraint.h; sourceTree = "<group>"; };
		8BE027B213A3015F00CB1FFA /* OCMockRecorder.h */ = {isa = PBXFileReference; fileEncoding = 4; lastKnownFileType = sourcecode.c.h; path = OCMockRecorder.h; sourceTree = "<group>"; };
		8BE027B313A3015F00CB1FFA /* OCMockObject.h */ = {isa = PBXFileReference; fileEncoding = 4; lastKnownFileType = sourcecode.c.h; path = OCMockObject.h; sourceTree = "<group>"; };
		8BE027B413A3015F00CB1FFA /* OCMock.h */ = {isa = PBXFileReference; fileEncoding = 4; lastKnownFileType = sourcecode.c.h; path = OCMock.h; sourceTree = "<group>"; };
		8BE027B513A3015F00CB1FFA /* OCMArg.h */ = {isa = PBXFileReference; fileEncoding = 4; lastKnownFileType = sourcecode.c.h; path = OCMArg.h; sourceTree = "<group>"; };
		8BE027B613A3015F00CB1FFA /* NSNotificationCenter+OCMAdditions.h */ = {isa = PBXFileReference; fileEncoding = 4; lastKnownFileType = sourcecode.c.h; path = "NSNotificationCenter+OCMAdditions.h"; sourceTree = "<group>"; };
		8BE6907A1DC5189100267225 /* Images.xcassets */ = {isa = PBXFileReference; lastKnownFileType = folder.assetcatalog; name = Images.xcassets; path = Windandtides/Images.xcassets; sourceTree = SOURCE_ROOT; };
		8BE85391139D57EB00041B34 /* WindandtidesUrlManagerTest.m */ = {isa = PBXFileReference; fileEncoding = 4; lastKnownFileType = sourcecode.c.objc; path = WindandtidesUrlManagerTest.m; sourceTree = "<group>"; };
		8BE85394139D59B700041B34 /* WindandtidesUrlManager.m */ = {isa = PBXFileReference; fileEncoding = 4; lastKnownFileType = sourcecode.c.objc; path = WindandtidesUrlManager.m; sourceTree = "<group>"; };
/* End PBXFileReference section */

/* Begin PBXFrameworksBuildPhase section */
		8B88C166138075E2007D1C2C /* Frameworks */ = {
			isa = PBXFrameworksBuildPhase;
			buildActionMask = 2147483647;
			files = (
				8B1F40AA1CB1DCD200DB8ED7 /* libz.tbd in Frameworks */,
				8B1F40A81CB1DCC500DB8ED7 /* libc++.tbd in Frameworks */,
				8B1F409C1CB1D9E100DB8ED7 /* Security.framework in Frameworks */,
				8B1F40A61CB1DC8A00DB8ED7 /* Crashlytics.framework in Frameworks */,
				8BD53FCF17653EEC008EEC13 /* StoreKit.framework in Frameworks */,
				8BD53FCD17653C21008EEC13 /* SystemConfiguration.framework in Frameworks */,
				8B1F40A51CB1DC8A00DB8ED7 /* Fabric.framework in Frameworks */,
				8B88C16E138075E2007D1C2C /* UIKit.framework in Frameworks */,
				8B88C170138075E2007D1C2C /* Foundation.framework in Frameworks */,
				8B88C172138075E2007D1C2C /* CoreGraphics.framework in Frameworks */,
			);
			runOnlyForDeploymentPostprocessing = 0;
		};
		8B88C189138075E2007D1C2C /* Frameworks */ = {
			isa = PBXFrameworksBuildPhase;
			buildActionMask = 2147483647;
			files = (
				8B88C18E138075E2007D1C2C /* UIKit.framework in Frameworks */,
				8B88C18F138075E2007D1C2C /* Foundation.framework in Frameworks */,
				8B88C190138075E2007D1C2C /* CoreGraphics.framework in Frameworks */,
				8B88C1AA1380783F007D1C2C /* OCHamcrestIOS.framework in Frameworks */,
				8BE027A413A2FD2500CB1FFA /* libOCMock.a in Frameworks */,
			);
			runOnlyForDeploymentPostprocessing = 0;
		};
/* End PBXFrameworksBuildPhase section */

/* Begin PBXGroup section */
		8B4438FA139ECFA900185ECE /* Helpers */ = {
			isa = PBXGroup;
			children = (
				8B17429413AA8FC0006A3743 /* MBProgressHUD.m */,
				8B17429213AA8FB6006A3743 /* MBProgressHUD.h */,
				8B4438FC139ED02C00185ECE /* AnimatedSwipeGestures.h */,
				8B4438FD139ED02C00185ECE /* AnimatedSwipeGestures.m */,
				8BE0277B13A2D42800CB1FFA /* Macros.h */,
			);
			name = Helpers;
			path = Windandtides/Helpers;
			sourceTree = "<group>";
		};
		8B88C15E138075E1007D1C2C = {
			isa = PBXGroup;
			children = (
				8B88C1AB13807D1C007D1C2C /* Views */,
				8B88C173138075E2007D1C2C /* Controllers */,
				8BE8538B139D55B600041B34 /* Models */,
				8B4438FA139ECFA900185ECE /* Helpers */,
				8B88C174138075E2007D1C2C /* Resources */,
				8B88C193138075E2007D1C2C /* Tests */,
				8B88C16C138075E2007D1C2C /* Frameworks */,
				8BE0278F13A2FC3400CB1FFA /* Libraries */,
				8B88C16A138075E2007D1C2C /* Products */,
			);
			sourceTree = "<group>";
		};
		8B88C16A138075E2007D1C2C /* Products */ = {
			isa = PBXGroup;
			children = (
				8B88C169138075E2007D1C2C /* Windandtides.app */,
				8B88C18D138075E2007D1C2C /* WindandtidesTests.octest */,
			);
			name = Products;
			sourceTree = "<group>";
		};
		8B88C16C138075E2007D1C2C /* Frameworks */ = {
			isa = PBXGroup;
			children = (
				8B1F40A91CB1DCD200DB8ED7 /* libz.tbd */,
				8B1F40A71CB1DCC500DB8ED7 /* libc++.tbd */,
				8B1F40A31CB1DC8A00DB8ED7 /* Fabric.framework */,
				8B1F40A41CB1DC8A00DB8ED7 /* Crashlytics.framework */,
				8B1F409B1CB1D9E100DB8ED7 /* Security.framework */,
				8BD53FCE17653EEC008EEC13 /* StoreKit.framework */,
				8BD53FCC17653C21008EEC13 /* SystemConfiguration.framework */,
				8B88C1A91380783F007D1C2C /* OCHamcrestIOS.framework */,
				8B88C16D138075E2007D1C2C /* UIKit.framework */,
				8B88C16F138075E2007D1C2C /* Foundation.framework */,
				8B88C171138075E2007D1C2C /* CoreGraphics.framework */,
			);
			name = Frameworks;
			sourceTree = "<group>";
		};
		8B88C173138075E2007D1C2C /* Controllers */ = {
			isa = PBXGroup;
			children = (
				8B88C17C138075E2007D1C2C /* WindandtidesAppDelegate.h */,
				8B88C17D138075E2007D1C2C /* WindandtidesAppDelegate.m */,
				8B88C182138075E2007D1C2C /* WindandtidesViewController.h */,
				8B88C183138075E2007D1C2C /* WindandtidesViewController.m */,
			);
			name = Controllers;
			path = Windandtides/Controllers;
			sourceTree = "<group>";
		};
		8B88C174138075E2007D1C2C /* Resources */ = {
			isa = PBXGroup;
			children = (
				8B95CF031FC9FFEF005A1B44 /* windandtides-photo.jpg */,
				8BE6907A1DC5189100267225 /* Images.xcassets */,
				8BC54B25138DCDB8005E74F4 /* monitor.png */,
				8BC54B23138DCCEC005E74F4 /* windvane.png */,
				8BC54B16138DCAD3005E74F4 /* trend.png */,
				8BAA465F138D6DA600F9165B /* icon.png */,
				8BAA6DF51619122700C85D95 /* icon@2x.png */,
				8BAA465C138D6BA500F9165B /* Default.png */,
				8B88C175138075E2007D1C2C /* Windandtides-Info.plist */,
				8B88C176138075E2007D1C2C /* InfoPlist.strings */,
				8B88C179138075E2007D1C2C /* Windandtides-Prefix.pch */,
				8B88C17A138075E2007D1C2C /* main.m */,
				8B01EAAF139C240E00A64429 /* Entitlements.plist */,
			);
			name = Resources;
			path = Windandtides/Resources;
			sourceTree = "<group>";
		};
		8B88C193138075E2007D1C2C /* Tests */ = {
			isa = PBXGroup;
			children = (
				8B88C194138075E2007D1C2C /* Supporting Files */,
				8BE85391139D57EB00041B34 /* WindandtidesUrlManagerTest.m */,
				8BE0277F13A2DDDF00CB1FFA /* WindandtidesViewControllerTest.m */,
			);
			name = Tests;
			path = WindandtidesTests;
			sourceTree = "<group>";
		};
		8B88C194138075E2007D1C2C /* Supporting Files */ = {
			isa = PBXGroup;
			children = (
				8B88C195138075E2007D1C2C /* WindandtidesTests-Info.plist */,
				8B88C196138075E2007D1C2C /* InfoPlist.strings */,
				8B88C199138075E2007D1C2C /* WindandtidesTests-Prefix.pch */,
			);
			name = "Supporting Files";
			sourceTree = "<group>";
		};
		8B88C1AB13807D1C007D1C2C /* Views */ = {
			isa = PBXGroup;
			children = (
				8B88C17F138075E2007D1C2C /* MainWindow.xib */,
				8B8C85301386FB6000697EBE /* WindandtidesView.xib */,
				8B95CEF81FC9FAB4005A1B44 /* LaunchScreen.xib */,
			);
			name = Views;
			path = Windandtides/Views;
			sourceTree = "<group>";
		};
		8BD53FD41765402A008EEC13 /* iRate */ = {
			isa = PBXGroup;
			children = (
				8BD53FD51765402A008EEC13 /* iRate.h */,
				8BD53FD61765402A008EEC13 /* iRate.m */,
			);
			path = iRate;
			sourceTree = "<group>";
		};
		8BE0278F13A2FC3400CB1FFA /* Libraries */ = {
			isa = PBXGroup;
			children = (
				8BD53FD41765402A008EEC13 /* iRate */,
				8BE0279A13A2FD0700CB1FFA /* OCMock */,
			);
			path = Libraries;
			sourceTree = "<group>";
		};
		8BE0279A13A2FD0700CB1FFA /* OCMock */ = {
			isa = PBXGroup;
			children = (
				8BE027B113A3015F00CB1FFA /* OCMConstraint.h */,
				8BE027B213A3015F00CB1FFA /* OCMockRecorder.h */,
				8BE027B313A3015F00CB1FFA /* OCMockObject.h */,
				8BE027B413A3015F00CB1FFA /* OCMock.h */,
				8BE027B513A3015F00CB1FFA /* OCMArg.h */,
				8BE027B613A3015F00CB1FFA /* NSNotificationCenter+OCMAdditions.h */,
				8BE027A313A2FD2500CB1FFA /* libOCMock.a */,
			);
			path = OCMock;
			sourceTree = "<group>";
		};
		8BE8538B139D55B600041B34 /* Models */ = {
			isa = PBXGroup;
			children = (
				8B72BAF0139D879F00913374 /* WindandtidesUrlManager.h */,
				8BE85394139D59B700041B34 /* WindandtidesUrlManager.m */,
			);
			name = Models;
			path = Windandtides/Models;
			sourceTree = "<group>";
		};
/* End PBXGroup section */

/* Begin PBXNativeTarget section */
		8B88C168138075E2007D1C2C /* Windandtides */ = {
			isa = PBXNativeTarget;
			buildConfigurationList = 8B88C1A0138075E2007D1C2C /* Build configuration list for PBXNativeTarget "Windandtides" */;
			buildPhases = (
				8B88C165138075E2007D1C2C /* Sources */,
				8B88C166138075E2007D1C2C /* Frameworks */,
				8B88C167138075E2007D1C2C /* Resources */,
				8BD53FD817654238008EEC13 /* ShellScript */,
			);
			buildRules = (
			);
			dependencies = (
			);
			name = Windandtides;
			productName = Windandtides;
			productReference = 8B88C169138075E2007D1C2C /* Windandtides.app */;
			productType = "com.apple.product-type.application";
		};
		8B88C18C138075E2007D1C2C /* WindandtidesTests */ = {
			isa = PBXNativeTarget;
			buildConfigurationList = 8B88C1A3138075E2007D1C2C /* Build configuration list for PBXNativeTarget "WindandtidesTests" */;
			buildPhases = (
				8B88C188138075E2007D1C2C /* Sources */,
				8B88C189138075E2007D1C2C /* Frameworks */,
				8B88C18A138075E2007D1C2C /* Resources */,
				8B88C18B138075E2007D1C2C /* ShellScript */,
			);
			buildRules = (
			);
			dependencies = (
				8B88C192138075E2007D1C2C /* PBXTargetDependency */,
			);
			name = WindandtidesTests;
			productName = WindandtidesTests;
			productReference = 8B88C18D138075E2007D1C2C /* WindandtidesTests.octest */;
			productType = "com.apple.product-type.bundle.ocunit-test";
		};
/* End PBXNativeTarget section */

/* Begin PBXProject section */
		8B88C160138075E1007D1C2C /* Project object */ = {
			isa = PBXProject;
			attributes = {
				LastUpgradeCheck = 0730;
				ORGANIZATIONNAME = Windandtides.com;
				TargetAttributes = {
					8B88C168138075E2007D1C2C = {
						DevelopmentTeam = 699723NDVT;
					};
				};
			};
			buildConfigurationList = 8B88C163138075E1007D1C2C /* Build configuration list for PBXProject "Windandtides" */;
			compatibilityVersion = "Xcode 3.2";
			developmentRegion = English;
			hasScannedForEncodings = 0;
			knownRegions = (
				en,
			);
			mainGroup = 8B88C15E138075E1007D1C2C;
			productRefGroup = 8B88C16A138075E2007D1C2C /* Products */;
			projectDirPath = "";
			projectRoot = "";
			targets = (
				8B88C168138075E2007D1C2C /* Windandtides */,
				8B88C18C138075E2007D1C2C /* WindandtidesTests */,
			);
		};
/* End PBXProject section */

/* Begin PBXResourcesBuildPhase section */
		8B88C167138075E2007D1C2C /* Resources */ = {
			isa = PBXResourcesBuildPhase;
			buildActionMask = 2147483647;
			files = (
				8B95CF041FC9FFF0005A1B44 /* windandtides-photo.jpg in Resources */,
				8B88C178138075E2007D1C2C /* InfoPlist.strings in Resources */,
				8BE6907B1DC5189100267225 /* Images.xcassets in Resources */,
				8B88C181138075E2007D1C2C /* MainWindow.xib in Resources */,
				8B95CEF91FC9FAB4005A1B44 /* LaunchScreen.xib in Resources */,
				8B8C85311386FB6000697EBE /* WindandtidesView.xib in Resources */,
				8BAA465D138D6BA500F9165B /* Default.png in Resources */,
				8BAA4660138D6DA600F9165B /* icon.png in Resources */,
				8BC54B17138DCAD3005E74F4 /* trend.png in Resources */,
				8BC54B24138DCCEC005E74F4 /* windvane.png in Resources */,
				8BC54B26138DCDB8005E74F4 /* monitor.png in Resources */,
				8B01EAB0139C240E00A64429 /* Entitlements.plist in Resources */,
				8BAA6DF61619122700C85D95 /* icon@2x.png in Resources */,
			);
			runOnlyForDeploymentPostprocessing = 0;
		};
		8B88C18A138075E2007D1C2C /* Resources */ = {
			isa = PBXResourcesBuildPhase;
			buildActionMask = 2147483647;
			files = (
				8B88C198138075E2007D1C2C /* InfoPlist.strings in Resources */,
			);
			runOnlyForDeploymentPostprocessing = 0;
		};
/* End PBXResourcesBuildPhase section */

/* Begin PBXShellScriptBuildPhase section */
		8B88C18B138075E2007D1C2C /* ShellScript */ = {
			isa = PBXShellScriptBuildPhase;
			buildActionMask = 2147483647;
			files = (
			);
			inputPaths = (
			);
			outputPaths = (
			);
			runOnlyForDeploymentPostprocessing = 0;
			shellPath = /bin/sh;
			shellScript = "# Run the unit tests in this test bundle.\n\"${SYSTEM_DEVELOPER_DIR}/Tools/RunUnitTests\"\n";
		};
		8BD53FD817654238008EEC13 /* ShellScript */ = {
			isa = PBXShellScriptBuildPhase;
			buildActionMask = 2147483647;
			files = (
			);
			inputPaths = (
			);
			outputPaths = (
			);
			runOnlyForDeploymentPostprocessing = 0;
			shellPath = /bin/sh;
			shellScript = "./Fabric.framework/run c8253a4d97f816e77bf561578ffa10063d8f4e06 022dfd28a52047660fee97e4bc084bafb467d5685d11e63b6a5c2deaebab4179";
		};
/* End PBXShellScriptBuildPhase section */

/* Begin PBXSourcesBuildPhase section */
		8B88C165138075E2007D1C2C /* Sources */ = {
			isa = PBXSourcesBuildPhase;
			buildActionMask = 2147483647;
			files = (
				8B88C17B138075E2007D1C2C /* main.m in Sources */,
				8B88C17E138075E2007D1C2C /* WindandtidesAppDelegate.m in Sources */,
				8B88C184138075E2007D1C2C /* WindandtidesViewController.m in Sources */,
				8BE85395139D59B700041B34 /* WindandtidesUrlManager.m in Sources */,
				8B4438FE139ED02C00185ECE /* AnimatedSwipeGestures.m in Sources */,
				8B17429513AA8FC0006A3743 /* MBProgressHUD.m in Sources */,
				8BD53FD71765402A008EEC13 /* iRate.m in Sources */,
			);
			runOnlyForDeploymentPostprocessing = 0;
		};
		8B88C188138075E2007D1C2C /* Sources */ = {
			isa = PBXSourcesBuildPhase;
			buildActionMask = 2147483647;
			files = (
				8BE85392139D57EB00041B34 /* WindandtidesUrlManagerTest.m in Sources */,
				8BE0278013A2DDDF00CB1FFA /* WindandtidesViewControllerTest.m in Sources */,
			);
			runOnlyForDeploymentPostprocessing = 0;
		};
/* End PBXSourcesBuildPhase section */

/* Begin PBXTargetDependency section */
		8B88C192138075E2007D1C2C /* PBXTargetDependency */ = {
			isa = PBXTargetDependency;
			target = 8B88C168138075E2007D1C2C /* Windandtides */;
			targetProxy = 8B88C191138075E2007D1C2C /* PBXContainerItemProxy */;
		};
/* End PBXTargetDependency section */

/* Begin PBXVariantGroup section */
		8B88C176138075E2007D1C2C /* InfoPlist.strings */ = {
			isa = PBXVariantGroup;
			children = (
				8B88C177138075E2007D1C2C /* en */,
			);
			name = InfoPlist.strings;
			path = ..;
			sourceTree = "<group>";
		};
		8B88C17F138075E2007D1C2C /* MainWindow.xib */ = {
			isa = PBXVariantGroup;
			children = (
				8B88C180138075E2007D1C2C /* en */,
			);
			name = MainWindow.xib;
			path = ..;
			sourceTree = "<group>";
		};
		8B88C196138075E2007D1C2C /* InfoPlist.strings */ = {
			isa = PBXVariantGroup;
			children = (
				8B88C197138075E2007D1C2C /* en */,
			);
			name = InfoPlist.strings;
			sourceTree = "<group>";
		};
/* End PBXVariantGroup section */

/* Begin XCBuildConfiguration section */
		8B01EAB1139C246000A64429 /* Ad Hoc */ = {
			isa = XCBuildConfiguration;
			buildSettings = {
				"CODE_SIGN_IDENTITY[sdk=iphoneos*]" = "iPhone Developer";
				CURRENT_PROJECT_VERSION = 8;
				GCC_C_LANGUAGE_STANDARD = gnu99;
				GCC_VERSION = com.apple.compilers.llvmgcc42;
				GCC_WARN_ABOUT_RETURN_TYPE = YES;
				GCC_WARN_UNUSED_VARIABLE = YES;
				OTHER_CFLAGS = "-DNS_BLOCK_ASSERTIONS=1";
				SDKROOT = iphoneos;
				TARGETED_DEVICE_FAMILY = 1;
				VERSIONING_SYSTEM = "apple-generic";
			};
			name = "Ad Hoc";
		};
		8B01EAB2139C246000A64429 /* Ad Hoc */ = {
			isa = XCBuildConfiguration;
			buildSettings = {
				ALWAYS_SEARCH_USER_PATHS = NO;
				ASSETCATALOG_COMPILER_APPICON_NAME = AppIcon;
				CLANG_ENABLE_OBJC_ARC = YES;
				CODE_SIGN_ENTITLEMENTS = Windandtides/Entitlements.plist;
				CODE_SIGN_IDENTITY = "iPhone Developer";
				COPY_PHASE_STRIP = YES;
				DEVELOPMENT_TEAM = 699723NDVT;
				FRAMEWORK_SEARCH_PATHS = (
					"$(inherited)",
					"$(SRCROOT)",
					"$(PROJECT_DIR)",
				);
				GCC_PRECOMPILE_PREFIX_HEADER = YES;
				GCC_PREFIX_HEADER = "Windandtides/Windandtides-Prefix.pch";
				GCC_VERSION = com.apple.compilers.llvm.clang.1_0;
				HEADER_SEARCH_PATHS = "\"$(SRCROOT)/Libraries/FlurryLib\"/**";
				INFOPLIST_FILE = "Windandtides/Windandtides-Info.plist";
				IPHONEOS_DEPLOYMENT_TARGET = 9.0;
				LIBRARY_SEARCH_PATHS = (
					"$(inherited)",
					"\"$(SRCROOT)/Libraries/FlurryLib\"",
				);
				PRODUCT_BUNDLE_IDENTIFIER = "com.windandtides.${PRODUCT_NAME:rfc1034identifier}";
				PRODUCT_NAME = "$(TARGET_NAME)";
				TARGETED_DEVICE_FAMILY = 1;
				VALIDATE_PRODUCT = YES;
				WRAPPER_EXTENSION = app;
			};
			name = "Ad Hoc";
		};
		8B01EAB3139C246000A64429 /* Ad Hoc */ = {
			isa = XCBuildConfiguration;
			buildSettings = {
				ALWAYS_SEARCH_USER_PATHS = NO;
				BUNDLE_LOADER = "$(BUILT_PRODUCTS_DIR)/Windandtides.app/Windandtides";
				CLANG_ENABLE_OBJC_ARC = YES;
				FRAMEWORK_SEARCH_PATHS = (
					"$(SDKROOT)/Developer/Library/Frameworks",
					"$(DEVELOPER_LIBRARY_DIR)/Frameworks",
					"\"$(SRCROOT)\"",
				);
				GCC_PRECOMPILE_PREFIX_HEADER = YES;
				GCC_PREFIX_HEADER = "WindandtidesTests/WindandtidesTests-Prefix.pch";
				GCC_VERSION = com.apple.compilers.llvm.clang.1_0;
				HEADER_SEARCH_PATHS = "\"$(SRCROOT)/Libraries\"/**";
				INFOPLIST_FILE = "WindandtidesTests/WindandtidesTests-Info.plist";
				LIBRARY_SEARCH_PATHS = (
					"$(inherited)",
					"\"$(SRCROOT)/Libraries\"",
					"\"$(SRCROOT)/Libraries/OCMock\"",
				);
				OTHER_LDFLAGS = (
					"-framework",
					SenTestingKit,
					"-lstdc++",
					"-ObjC",
					"-force_load",
					"$(PROJECT_DIR)/Libraries/OCMock/libOCMock.a",
				);
				PRODUCT_BUNDLE_IDENTIFIER = "com.windandtides.${PRODUCT_NAME:rfc1034identifier}";
				PRODUCT_NAME = "$(TARGET_NAME)";
				TEST_HOST = "$(BUNDLE_LOADER)";
				WRAPPER_EXTENSION = octest;
			};
			name = "Ad Hoc";
		};
		8B88C19E138075E2007D1C2C /* Debug */ = {
			isa = XCBuildConfiguration;
			buildSettings = {
				"CODE_SIGN_IDENTITY[sdk=iphoneos*]" = "iPhone Developer";
				CURRENT_PROJECT_VERSION = 8;
				ENABLE_TESTABILITY = YES;
				GCC_C_LANGUAGE_STANDARD = gnu99;
				GCC_OPTIMIZATION_LEVEL = 0;
				GCC_PREPROCESSOR_DEFINITIONS = DEBUG;
				GCC_SYMBOLS_PRIVATE_EXTERN = NO;
				GCC_VERSION = com.apple.compilers.llvmgcc42;
				GCC_WARN_ABOUT_RETURN_TYPE = YES;
				GCC_WARN_UNUSED_VARIABLE = YES;
				ONLY_ACTIVE_ARCH = YES;
				SDKROOT = iphoneos;
				TARGETED_DEVICE_FAMILY = 1;
				VERSIONING_SYSTEM = "apple-generic";
			};
			name = Debug;
		};
		8B88C19F138075E2007D1C2C /* Release */ = {
			isa = XCBuildConfiguration;
			buildSettings = {
				CODE_SIGN_IDENTITY = "iPhone Developer";
				"CODE_SIGN_IDENTITY[sdk=iphoneos*]" = "iPhone Developer";
				CURRENT_PROJECT_VERSION = 8;
				GCC_C_LANGUAGE_STANDARD = gnu99;
				GCC_VERSION = com.apple.compilers.llvmgcc42;
				GCC_WARN_ABOUT_RETURN_TYPE = YES;
				GCC_WARN_UNUSED_VARIABLE = YES;
				OTHER_CFLAGS = "-DNS_BLOCK_ASSERTIONS=1";
				PROVISIONING_PROFILE = "";
				"PROVISIONING_PROFILE[sdk=iphoneos*]" = "";
				SDKROOT = iphoneos;
				TARGETED_DEVICE_FAMILY = 1;
				VERSIONING_SYSTEM = "apple-generic";
			};
			name = Release;
		};
		8B88C1A1138075E2007D1C2C /* Debug */ = {
			isa = XCBuildConfiguration;
			buildSettings = {
				ALWAYS_SEARCH_USER_PATHS = NO;
				ASSETCATALOG_COMPILER_APPICON_NAME = AppIcon;
				CLANG_ENABLE_OBJC_ARC = YES;
				CODE_SIGN_ENTITLEMENTS = Windandtides/Entitlements.plist;
				CODE_SIGN_IDENTITY = "iPhone Developer";
				COPY_PHASE_STRIP = NO;
				DEVELOPMENT_TEAM = 699723NDVT;
				FRAMEWORK_SEARCH_PATHS = (
					"$(inherited)",
					"$(SRCROOT)",
					"$(PROJECT_DIR)",
				);
				GCC_DYNAMIC_NO_PIC = NO;
				GCC_PRECOMPILE_PREFIX_HEADER = YES;
				GCC_PREFIX_HEADER = "Windandtides/Windandtides-Prefix.pch";
				GCC_VERSION = com.apple.compilers.llvm.clang.1_0;
				HEADER_SEARCH_PATHS = "\"$(SRCROOT)/Libraries/FlurryLib\"/**";
				INFOPLIST_FILE = "Windandtides/Windandtides-Info.plist";
				IPHONEOS_DEPLOYMENT_TARGET = 9.0;
				LIBRARY_SEARCH_PATHS = (
					"$(inherited)",
					"\"$(SRCROOT)/Libraries/FlurryLib\"",
				);
				PRODUCT_BUNDLE_IDENTIFIER = "com.windandtides.${PRODUCT_NAME:rfc1034identifier}";
				PRODUCT_NAME = "$(TARGET_NAME)";
				TARGETED_DEVICE_FAMILY = 1;
				WRAPPER_EXTENSION = app;
			};
			name = Debug;
		};
		8B88C1A2138075E2007D1C2C /* Release */ = {
			isa = XCBuildConfiguration;
			buildSettings = {
				ALWAYS_SEARCH_USER_PATHS = NO;
				ASSETCATALOG_COMPILER_APPICON_NAME = AppIcon;
				CLANG_ENABLE_OBJC_ARC = YES;
				CODE_SIGN_ENTITLEMENTS = Windandtides/Entitlements.plist;
				CODE_SIGN_IDENTITY = "iPhone Developer";
				"CODE_SIGN_IDENTITY[sdk=iphoneos*]" = "iPhone Developer";
				COPY_PHASE_STRIP = YES;
				DEVELOPMENT_TEAM = 699723NDVT;
				FRAMEWORK_SEARCH_PATHS = (
					"$(inherited)",
					"$(SRCROOT)",
					"$(PROJECT_DIR)",
				);
				GCC_PRECOMPILE_PREFIX_HEADER = YES;
				GCC_PREFIX_HEADER = "Windandtides/Windandtides-Prefix.pch";
				GCC_VERSION = com.apple.compilers.llvm.clang.1_0;
				HEADER_SEARCH_PATHS = "\"$(SRCROOT)/Libraries/FlurryLib\"/**";
				INFOPLIST_FILE = "Windandtides/Windandtides-Info.plist";
				IPHONEOS_DEPLOYMENT_TARGET = 9.0;
				LIBRARY_SEARCH_PATHS = (
					"$(inherited)",
					"\"$(SRCROOT)/Libraries/FlurryLib\"",
				);
				PRODUCT_BUNDLE_IDENTIFIER = "com.windandtides.${PRODUCT_NAME:rfc1034identifier}";
				PRODUCT_NAME = "$(TARGET_NAME)";
				PROVISIONING_PROFILE = "";
				"PROVISIONING_PROFILE[sdk=iphoneos*]" = "";
				TARGETED_DEVICE_FAMILY = 1;
				VALIDATE_PRODUCT = YES;
				WRAPPER_EXTENSION = app;
			};
			name = Release;
		};
		8B88C1A4138075E2007D1C2C /* Debug */ = {
			isa = XCBuildConfiguration;
			buildSettings = {
				ALWAYS_SEARCH_USER_PATHS = NO;
				BUNDLE_LOADER = "$(BUILT_PRODUCTS_DIR)/Windandtides.app/Windandtides";
				CLANG_ENABLE_OBJC_ARC = YES;
				FRAMEWORK_SEARCH_PATHS = (
					"$(SDKROOT)/Developer/Library/Frameworks",
					"$(DEVELOPER_LIBRARY_DIR)/Frameworks",
					"\"$(SRCROOT)\"",
				);
				GCC_PRECOMPILE_PREFIX_HEADER = YES;
				GCC_PREFIX_HEADER = "WindandtidesTests/WindandtidesTests-Prefix.pch";
				GCC_VERSION = com.apple.compilers.llvm.clang.1_0;
				HEADER_SEARCH_PATHS = "\"$(SRCROOT)/Libraries\"/**";
				INFOPLIST_FILE = "WindandtidesTests/WindandtidesTests-Info.plist";
				LIBRARY_SEARCH_PATHS = (
					"$(inherited)",
					"\"$(SRCROOT)/Libraries\"",
					"\"$(SRCROOT)/Libraries/OCMock\"",
				);
				OTHER_LDFLAGS = (
					"-framework",
					SenTestingKit,
					"-lstdc++",
					"-ObjC",
					"-force_load",
					"$(PROJECT_DIR)/Libraries/OCMock/libOCMock.a",
				);
				PRODUCT_BUNDLE_IDENTIFIER = "com.windandtides.${PRODUCT_NAME:rfc1034identifier}";
				PRODUCT_NAME = "$(TARGET_NAME)";
				TEST_HOST = "$(BUNDLE_LOADER)";
				WRAPPER_EXTENSION = octest;
			};
			name = Debug;
		};
		8B88C1A5138075E2007D1C2C /* Release */ = {
			isa = XCBuildConfiguration;
			buildSettings = {
				ALWAYS_SEARCH_USER_PATHS = NO;
				BUNDLE_LOADER = "$(BUILT_PRODUCTS_DIR)/Windandtides.app/Windandtides";
				CLANG_ENABLE_OBJC_ARC = YES;
				FRAMEWORK_SEARCH_PATHS = (
					"$(SDKROOT)/Developer/Library/Frameworks",
					"$(DEVELOPER_LIBRARY_DIR)/Frameworks",
					"\"$(SRCROOT)\"",
				);
				GCC_PRECOMPILE_PREFIX_HEADER = YES;
				GCC_PREFIX_HEADER = "WindandtidesTests/WindandtidesTests-Prefix.pch";
				GCC_VERSION = com.apple.compilers.llvm.clang.1_0;
				HEADER_SEARCH_PATHS = "\"$(SRCROOT)/Libraries\"/**";
				INFOPLIST_FILE = "WindandtidesTests/WindandtidesTests-Info.plist";
				LIBRARY_SEARCH_PATHS = (
					"$(inherited)",
					"\"$(SRCROOT)/Libraries\"",
					"\"$(SRCROOT)/Libraries/OCMock\"",
				);
				OTHER_LDFLAGS = (
					"-framework",
					SenTestingKit,
					"-lstdc++",
					"-ObjC",
					"-force_load",
					"$(PROJECT_DIR)/Libraries/OCMock/libOCMock.a",
				);
				PRODUCT_BUNDLE_IDENTIFIER = "com.windandtides.${PRODUCT_NAME:rfc1034identifier}";
				PRODUCT_NAME = "$(TARGET_NAME)";
				TEST_HOST = "$(BUNDLE_LOADER)";
				WRAPPER_EXTENSION = octest;
			};
			name = Release;
		};
/* End XCBuildConfiguration section */

/* Begin XCConfigurationList section */
		8B88C163138075E1007D1C2C /* Build configuration list for PBXProject "Windandtides" */ = {
			isa = XCConfigurationList;
			buildConfigurations = (
				8B88C19E138075E2007D1C2C /* Debug */,
				8B88C19F138075E2007D1C2C /* Release */,
				8B01EAB1139C246000A64429 /* Ad Hoc */,
			);
			defaultConfigurationIsVisible = 0;
			defaultConfigurationName = Release;
		};
		8B88C1A0138075E2007D1C2C /* Build configuration list for PBXNativeTarget "Windandtides" */ = {
			isa = XCConfigurationList;
			buildConfigurations = (
				8B88C1A1138075E2007D1C2C /* Debug */,
				8B88C1A2138075E2007D1C2C /* Release */,
				8B01EAB2139C246000A64429 /* Ad Hoc */,
			);
			defaultConfigurationIsVisible = 0;
			defaultConfigurationName = Release;
		};
		8B88C1A3138075E2007D1C2C /* Build configuration list for PBXNativeTarget "WindandtidesTests" */ = {
			isa = XCConfigurationList;
			buildConfigurations = (
				8B88C1A4138075E2007D1C2C /* Debug */,
				8B88C1A5138075E2007D1C2C /* Release */,
				8B01EAB3139C246000A64429 /* Ad Hoc */,
			);
			defaultConfigurationIsVisible = 0;
			defaultConfigurationName = Release;
		};
/* End XCConfigurationList section */
	};
	rootObject = 8B88C160138075E1007D1C2C /* Project object */;
}
